
Microsoft Visual Studio Solution File, Format Version 11.00
# Visual Studio 2010
Project("{FAE04EC0-301F-11D3-BF4B-00C04F79EFBC}") = "SL2JS.Compiler", "SL2JS.Compiler\SL2JS.Compiler.csproj", "{05B522BB-624F-4654-8A7F-0CC85303A20A}"
EndProject
Project("{FAE04EC0-301F-11D3-BF4B-00C04F79EFBC}") = "SL2JS.Proxies", "SL2JS.Proxies\SL2JS.Proxies.csproj", "{D1663AC2-D577-4498-B942-238A0C5914FD}"
EndProject
Project("{FAE04EC0-301F-11D3-BF4B-00C04F79EFBC}") = "SL2JS", "SL2JS\SL2JS.csproj", "{B37E0D26-B34F-4AC1-8C7D-09B190DB01FE}"
EndProject
Project("{2150E333-8FDC-42A3-9474-1A3956D46DE8}") = "js", "js", "{FA964E47-5C55-4243-A9F3-EF80F19D0C8A}"
	ProjectSection(SolutionItems) = preProject
		js\core.js = js\core.js
		js\executor.js = js\executor.js
		js\jquery-1.6.1.js = js\jquery-1.6.1.js
		js\jquery.tmpl.js = js\jquery.tmpl.js
		js\lazyload.js = js\lazyload.js
		js\rendering.js = js\rendering.js
		js\support.js = js\support.js
		js\system.js = js\system.js
		js\system.windows.js = js\system.windows.js
	EndProjectSection
EndProject
Project("{2150E333-8FDC-42A3-9474-1A3956D46DE8}") = "templates", "templates", "{796D66BB-F197-4D23-9CFB-B12403AF956C}"
	ProjectSection(SolutionItems) = preProject
		templates\default.css = templates\default.css
		templates\System.Windows.Controls.Button.htm = templates\System.Windows.Controls.Button.htm
		templates\System.Windows.Controls.Grid.htm = templates\System.Windows.Controls.Grid.htm
		templates\System.Windows.Controls.TextBlock.htm = templates\System.Windows.Controls.TextBlock.htm
		templates\System.Windows.Controls.TextBox.htm = templates\System.Windows.Controls.TextBox.htm
		templates\System.Windows.Controls.UserControl.htm = templates\System.Windows.Controls.UserControl.htm
	EndProjectSection
EndProject
Project("{2150E333-8FDC-42A3-9474-1A3956D46DE8}") = "external", "external", "{E11FC79C-5ABB-4E80-9335-BD0EB5EDE54A}"
	ProjectSection(SolutionItems) = preProject
		_LIBS\JSIL\JSIL.Bootstrap.js = _LIBS\JSIL\JSIL.Bootstrap.js
		_LIBS\JSIL\JSIL.Core.js = _LIBS\JSIL\JSIL.Core.js
	EndProjectSection
EndProject
Project("{2150E333-8FDC-42A3-9474-1A3956D46DE8}") = "tests", "tests", "{6E78F4F3-A5E0-48E5-A2A4-4ADD7941554A}"
	ProjectSection(SolutionItems) = preProject
		..\tests\runner\qunit.css = ..\tests\runner\qunit.css
		..\tests\runner\qunit.js = ..\tests\runner\qunit.js
		..\tests\runner\tests.html = ..\tests\runner\tests.html
		..\tests\runner\tests.js = ..\tests\runner\tests.js
		..\tests\runner\testsupport.js = ..\tests\runner\testsupport.js
	EndProjectSection
EndProject
Project("{2150E333-8FDC-42A3-9474-1A3956D46DE8}") = "site", "site", "{A94E013E-CEDF-4528-A7A1-10108687157F}"
	ProjectSection(SolutionItems) = preProject
		..\tests\architecture.html = ..\tests\architecture.html
		..\tests\background.html = ..\tests\background.html
		..\tests\contribution.html = ..\tests\contribution.html
		..\tests\index.html = ..\tests\index.html
		..\tests\site.css = ..\tests\site.css
	EndProjectSection
EndProject
Global
	GlobalSection(SolutionConfigurationPlatforms) = preSolution
		Debug|Any CPU = Debug|Any CPU
		Debug|Mixed Platforms = Debug|Mixed Platforms
		Debug|x86 = Debug|x86
		Release|Any CPU = Release|Any CPU
		Release|Mixed Platforms = Release|Mixed Platforms
		Release|x86 = Release|x86
	EndGlobalSection
	GlobalSection(ProjectConfigurationPlatforms) = postSolution
		{05B522BB-624F-4654-8A7F-0CC85303A20A}.Debug|Any CPU.ActiveCfg = Debug|x86
		{05B522BB-624F-4654-8A7F-0CC85303A20A}.Debug|Mixed Platforms.ActiveCfg = Debug|x86
		{05B522BB-624F-4654-8A7F-0CC85303A20A}.Debug|Mixed Platforms.Build.0 = Debug|x86
		{05B522BB-624F-4654-8A7F-0CC85303A20A}.Debug|x86.ActiveCfg = Debug|x86
		{05B522BB-624F-4654-8A7F-0CC85303A20A}.Debug|x86.Build.0 = Debug|x86
		{05B522BB-624F-4654-8A7F-0CC85303A20A}.Release|Any CPU.ActiveCfg = Release|x86
		{05B522BB-624F-4654-8A7F-0CC85303A20A}.Release|Mixed Platforms.ActiveCfg = Release|x86
		{05B522BB-624F-4654-8A7F-0CC85303A20A}.Release|Mixed Platforms.Build.0 = Release|x86
		{05B522BB-624F-4654-8A7F-0CC85303A20A}.Release|x86.ActiveCfg = Release|x86
		{05B522BB-624F-4654-8A7F-0CC85303A20A}.Release|x86.Build.0 = Release|x86
		{D1663AC2-D577-4498-B942-238A0C5914FD}.Debug|Any CPU.ActiveCfg = Debug|Any CPU
		{D1663AC2-D577-4498-B942-238A0C5914FD}.Debug|Any CPU.Build.0 = Debug|Any CPU
		{D1663AC2-D577-4498-B942-238A0C5914FD}.Debug|Mixed Platforms.ActiveCfg = Debug|Any CPU
		{D1663AC2-D577-4498-B942-238A0C5914FD}.Debug|Mixed Platforms.Build.0 = Debug|Any CPU
		{D1663AC2-D577-4498-B942-238A0C5914FD}.Debug|x86.ActiveCfg = Debug|Any CPU
		{D1663AC2-D577-4498-B942-238A0C5914FD}.Release|Any CPU.ActiveCfg = Release|Any CPU
		{D1663AC2-D577-4498-B942-238A0C5914FD}.Release|Any CPU.Build.0 = Release|Any CPU
		{D1663AC2-D577-4498-B942-238A0C5914FD}.Release|Mixed Platforms.ActiveCfg = Release|Any CPU
		{D1663AC2-D577-4498-B942-238A0C5914FD}.Release|Mixed Platforms.Build.0 = Release|Any CPU
		{D1663AC2-D577-4498-B942-238A0C5914FD}.Release|x86.ActiveCfg = Release|Any CPU
		{B37E0D26-B34F-4AC1-8C7D-09B190DB01FE}.Debug|Any CPU.ActiveCfg = Debug|Any CPU
		{B37E0D26-B34F-4AC1-8C7D-09B190DB01FE}.Debug|Any CPU.Build.0 = Debug|Any CPU
		{B37E0D26-B34F-4AC1-8C7D-09B190DB01FE}.Debug|Mixed Platforms.ActiveCfg = Debug|Any CPU
		{B37E0D26-B34F-4AC1-8C7D-09B190DB01FE}.Debug|Mixed Platforms.Build.0 = Debug|Any CPU
		{B37E0D26-B34F-4AC1-8C7D-09B190DB01FE}.Debug|x86.ActiveCfg = Debug|Any CPU
		{B37E0D26-B34F-4AC1-8C7D-09B190DB01FE}.Release|Any CPU.ActiveCfg = Release|Any CPU
		{B37E0D26-B34F-4AC1-8C7D-09B190DB01FE}.Release|Any CPU.Build.0 = Release|Any CPU
		{B37E0D26-B34F-4AC1-8C7D-09B190DB01FE}.Release|Mixed Platforms.ActiveCfg = Release|Any CPU
		{B37E0D26-B34F-4AC1-8C7D-09B190DB01FE}.Release|Mixed Platforms.Build.0 = Release|Any CPU
		{B37E0D26-B34F-4AC1-8C7D-09B190DB01FE}.Release|x86.ActiveCfg = Release|Any CPU
	EndGlobalSection
	GlobalSection(SolutionProperties) = preSolution
		HideSolutionNode = FALSE
	EndGlobalSection
EndGlobal
